
Microsoft Visual Studio Solution File, Format Version 12.00
# Visual Studio Version 17
VisualStudioVersion = 17.2.32526.322
MinimumVisualStudioVersion = 10.0.40219.1
Project("{FAE04EC0-301F-11D3-BF4B-00C04F79EFBC}") = "1° Entregra", "1° Entregra\1° Entregra.csproj", "{7646366C-2FC5-4F05-BCF6-64F54919652A}"
EndProject
Global
	GlobalSection(SolutionConfigurationPlatforms) = preSolution
		Debug|Any CPU = Debug|Any CPU
		Release|Any CPU = Release|Any CPU
	EndGlobalSection
	GlobalSection(ProjectConfigurationPlatforms) = postSolution
		{7646366C-2FC5-4F05-BCF6-64F54919652A}.Debug|Any CPU.ActiveCfg = Debug|Any CPU
		{7646366C-2FC5-4F05-BCF6-64F54919652A}.Debug|Any CPU.Build.0 = Debug|Any CPU
		{7646366C-2FC5-4F05-BCF6-64F54919652A}.Release|Any CPU.ActiveCfg = Release|Any CPU
		{7646366C-2FC5-4F05-BCF6-64F54919652A}.Release|Any CPU.Build.0 = Release|Any CPU
	EndGlobalSection
	GlobalSection(SolutionProperties) = preSolution
		HideSolutionNode = FALSE
	EndGlobalSection
	GlobalSection(ExtensibilityGlobals) = postSolution
		SolutionGuid = {84F97DA7-96C3-40C0-9816-50E3B57C045D}
	EndGlobalSection
EndGlobal
